
Microsoft Visual Studio Solution File, Format Version 12.00
# Visual Studio 2013
VisualStudioVersion = 12.0.31101.0
MinimumVisualStudioVersion = 10.0.40219.1
Project("{FAE04EC0-301F-11D3-BF4B-00C04F79EFBC}") = "AlgorytmyGrafowe", "AlgorytmyGrafowe.csproj", "{54961F3C-1A5A-4F9F-A46E-9E5F8D298258}"
EndProject
Global
	GlobalSection(SolutionConfigurationPlatforms) = preSolution
		Debug|Any CPU = Debug|Any CPU
		Release|Any CPU = Release|Any CPU
	EndGlobalSection
	GlobalSection(ProjectConfigurationPlatforms) = postSolution
		{54961F3C-1A5A-4F9F-A46E-9E5F8D298258}.Debug|Any CPU.ActiveCfg = Debug|Any CPU
		{54961F3C-1A5A-4F9F-A46E-9E5F8D298258}.Debug|Any CPU.Build.0 = Debug|Any CPU
		{54961F3C-1A5A-4F9F-A46E-9E5F8D298258}.Release|Any CPU.ActiveCfg = Release|Any CPU
		{54961F3C-1A5A-4F9F-A46E-9E5F8D298258}.Release|Any CPU.Build.0 = Release|Any CPU
	EndGlobalSection
	GlobalSection(SolutionProperties) = preSolution
		HideSolutionNode = FALSE
	EndGlobalSection
EndGlobal
